{
    "_readme": [
        "This file locks the dependencies of your project to a known state",
        "Read more about it at http://getcomposer.org/doc/01-basic-usage.md#composer-lock-the-lock-file",
        "This file is @generated automatically"
    ],
    "hash": "82a4d9032d7a5b6a72f94b2e39dbaea4",
    "packages": [
        {
            "name": "php-jsonpointer/php-jsonpointer",
            "version": "dev-master",
            "source": {
                "type": "git",
                "url": "https://github.com/raphaelstolt/php-jsonpointer.git",
                "reference": "c1b5443be0b6cfd271bfed3812f549bdabb49a6b"
            },
            "dist": {
                "type": "zip",
                "url": "https://api.github.com/repos/raphaelstolt/php-jsonpointer/zipball/c1b5443be0b6cfd271bfed3812f549bdabb49a6b",
                "reference": "c1b5443be0b6cfd271bfed3812f549bdabb49a6b",
                "shasum": ""
            },
            "require": {
                "php": ">=5.3.0"
            },
            "type": "library",
            "extra": {
                "branch-alias": {
                    "dev-master": "1.1.x-dev"
                }
            },
            "autoload": {
                "psr-0": {
                    "Rs\\Json": "src/"
                }
            },
            "notification-url": "https://packagist.org/downloads/",
            "license": [
                "MIT"
            ],
            "authors": [
                {
                    "name": "Raphael Stolt",
                    "email": "raphael.stolt@gmail.com",
                    "homepage": "http://raphaelstolt.blogspot.com/"
                }
            ],
            "description": "Implementation of JSON Pointer (http://tools.ietf.org/html/rfc6901)",
            "homepage": "https://github.com/raphaelstolt/php-jsonpointer",
            "keywords": [
                "json",
                "json pointer",
                "json traversal"
            ],
            "time": "2015-04-27 20:22:07"
        }
    ],
    "packages-dev": [],
    "aliases": [],
    "minimum-stability": "stable",
    "stability-flags": {
        "php-jsonpointer/php-jsonpointer": 20
    },
    "prefer-stable": false,
    "prefer-lowest": false,
    "platform": {
        "php": ">=5.3.0"
    },
    "platform-dev": []
}
